<?xml version="1.0" encoding="utf-8"?>
<Project ToolsVersion="4.0" xmlns="http://schemas.microsoft.com/developer/msbuild/2003">
  <ItemGroup>
    <Filter Include="Source Files">
      <UniqueIdentifier>{4FC737F1-C7A5-4376-A066-2A32D752A2FF}</UniqueIdentifier>
      <Extensions>cpp;c;cc;cxx;def;odl;idl;hpj;bat;asm;asmx</Extensions>
    </Filter>
    <Filter Include="Header Files">
      <UniqueIdentifier>{93995380-89BD-4b04-88EB-625FBE52EBFB}</UniqueIdentifier>
      <Extensions>h;hh;hpp;hxx;hm;inl;inc;xsd</Extensions>
    </Filter>
    <Filter Include="Resource Files">
      <UniqueIdentifier>{67DA6AB6-F800-4c08-8B7A-83BB121AAD01}</UniqueIdentifier>
      <Extensions>rc;ico;cur;bmp;dlg;rc2;rct;bin;rgs;gif;jpg;jpeg;jpe;resx;tiff;tif;png;wav</Extensions>
    </Filter>
  </ItemGroup>
  <ItemGroup>
    <ClCompile Include="main.cpp">
      <Filter>Source Files</Filter>
    </ClCompile>
    <ClCompile Include="OBJ_Loader.cpp">
      <Filter>Source Files</Filter>
    </ClCompile>
    <ClCompile Include="OpenGLutil.cpp">
      <Filter>Source Files</Filter>
    </ClCompile>
    <ClCompile Include="applications\App1.cpp">
      <Filter>Source Files</Filter>
    </ClCompile>
    <ClCompile Include="applications\App2.cpp">
      <Filter>Source Files</Filter>
    </ClCompile>
    <ClCompile Include="applications\App3.cpp">
      <Filter>Source Files</Filter>
    </ClCompile>
    <ClCompile Include="applications\App4.cpp">
      <Filter>Source Files</Filter>
    </ClCompile>
    <ClCompile Include="applications\App5.cpp">
      <Filter>Source Files</Filter>
    </ClCompile>
    <ClCompile Include="applications\App6.cpp">
      <Filter>Source Files</Filter>
    </ClCompile>
    <ClCompile Include="applications\App7.cpp">
      <Filter>Source Files</Filter>
    </ClCompile>
    <ClCompile Include="applications\App8.cpp">
      <Filter>Source Files</Filter>
    </ClCompile>
    <ClCompile Include="applications\App9.cpp">
      <Filter>Source Files</Filter>
    </ClCompile>
    <ClCompile Include="applications\Quad.cpp">
      <Filter>Source Files</Filter>
    </ClCompile>
    <ClCompile Include="baked_lighting\bake_light.cpp">
      <Filter>Source Files</Filter>
    </ClCompile>
    <ClCompile Include="doom\DOOM_plane.cpp">
      <Filter>Source Files</Filter>
    </ClCompile>
    <ClCompile Include="doom\DOOM_Player.cpp">
      <Filter>Source Files</Filter>
    </ClCompile>
    <ClCompile Include="doom\DOOM_World.cpp">
      <Filter>Source Files</Filter>
    </ClCompile>
    <ClCompile Include="doom\DOOM_World_Loader.cpp">
      <Filter>Source Files</Filter>
    </ClCompile>
    <ClCompile Include="doom\D_wall.cpp">
      <Filter>Source Files</Filter>
    </ClCompile>
    <ClCompile Include="engine\Console.cpp">
      <Filter>Source Files</Filter>
    </ClCompile>
    <ClCompile Include="engine\RenderingEngine.cpp">
      <Filter>Source Files</Filter>
    </ClCompile>
    <ClCompile Include="project_gamma\Gamma.cpp">
      <Filter>Source Files</Filter>
    </ClCompile>
    <ClCompile Include="project_gamma\pipes\Pipe.cpp">
      <Filter>Source Files</Filter>
    </ClCompile>
    <ClCompile Include="radiosity\Hemicube.cpp">
      <Filter>Source Files</Filter>
    </ClCompile>
    <ClCompile Include="radiosity\polygon_clip.cpp">
      <Filter>Source Files</Filter>
    </ClCompile>
    <ClCompile Include="radiosity\Polygon_Fill.cpp">
      <Filter>Source Files</Filter>
    </ClCompile>
    <ClCompile Include="radiosity\radiosity.cpp">
      <Filter>Source Files</Filter>
    </ClCompile>
    <ClCompile Include="rendering\BakedModel3D.cpp">
      <Filter>Source Files</Filter>
    </ClCompile>
    <ClCompile Include="rendering\BasicShader.cpp">
      <Filter>Source Files</Filter>
    </ClCompile>
    <ClCompile Include="rendering\Camera.cpp">
      <Filter>Source Files</Filter>
    </ClCompile>
    <ClCompile Include="rendering\Cube.cpp">
      <Filter>Source Files</Filter>
    </ClCompile>
    <ClCompile Include="rendering\DebugRenderer.cpp">
      <Filter>Source Files</Filter>
    </ClCompile>
    <ClCompile Include="rendering\Material.cpp">
      <Filter>Source Files</Filter>
    </ClCompile>
    <ClCompile Include="rendering\Mesh.cpp">
      <Filter>Source Files</Filter>
    </ClCompile>
    <ClCompile Include="rendering\Rectangle.cpp">
      <Filter>Source Files</Filter>
    </ClCompile>
    <ClCompile Include="rendering\Shader.cpp">
      <Filter>Source Files</Filter>
    </ClCompile>
    <ClCompile Include="rendering\Text.cpp">
      <Filter>Source Files</Filter>
    </ClCompile>
    <ClCompile Include="rendering\Texture.cpp">
      <Filter>Source Files</Filter>
    </ClCompile>
    <ClCompile Include="rendering\stb_image.c">
      <Filter>Source Files</Filter>
    </ClCompile>
    <ClCompile Include="resource_management\ResourceManager.cpp">
      <Filter>Source Files</Filter>
    </ClCompile>
    <ClCompile Include="resource_management\TextureLoader.cpp">
      <Filter>Source Files</Filter>
    </ClCompile>
    <ClCompile Include="utils\ShaderUtils.cpp">
      <Filter>Source Files</Filter>
    </ClCompile>
    <ClCompile Include="world\fBmModule.cpp">
      <Filter>Source Files</Filter>
    </ClCompile>
    <ClCompile Include="world\PerlinModule.cpp">
      <Filter>Source Files</Filter>
    </ClCompile>
    <ClCompile Include="world\Terrain.cpp">
      <Filter>Source Files</Filter>
    </ClCompile>
    <ClCompile Include="world\TiledWorld.cpp">
      <Filter>Source Files</Filter>
    </ClCompile>
    <ClCompile Include="world\VoxelTerrain.cpp">
      <Filter>Source Files</Filter>
    </ClCompile>
    <ClCompile Include="RenderAPI.cpp">
      <Filter>Source Files</Filter>
    </ClCompile>
    <ClCompile Include="applications\DX11\DX11App1.cpp">
      <Filter>Source Files</Filter>
    </ClCompile>
    <ClCompile Include="rendering\ShaderDX11.cpp">
      <Filter>Source Files</Filter>
    </ClCompile>
    <ClCompile Include="applications\DX11\DX11App2.cpp">
      <Filter>Source Files</Filter>
    </ClCompile>
    <ClCompile Include="rendering\TextureDX11.cpp">
      <Filter>Source Files</Filter>
    </ClCompile>
    <ClCompile Include="applications\DX11\DX11App3.cpp">
      <Filter>Source Files</Filter>
    </ClCompile>
    <ClCompile Include="applications\DX11\DX11App4.cpp">
      <Filter>Source Files</Filter>
    </ClCompile>
    <ClCompile Include="profiler\FPSCounter.cpp">
      <Filter>Source Files</Filter>
    </ClCompile>
    <ClCompile Include="applications\DX11\DX11App5.cpp">
      <Filter>Source Files</Filter>
    </ClCompile>
    <ClCompile Include="applications\DX11\DX11App6.cpp">
      <Filter>Source Files</Filter>
    </ClCompile>
    <ClCompile Include="profiler\CPUProfiler.cpp">
      <Filter>Source Files</Filter>
    </ClCompile>
    <ClCompile Include="DirectInput.cpp">
      <Filter>Source Files</Filter>
    </ClCompile>
    <ClCompile Include="applications\DX11\DX11App7.cpp">
      <Filter>Source Files</Filter>
    </ClCompile>
    <ClCompile Include="rendering\RenderTextureBuffer.cpp">
      <Filter>Source Files</Filter>
    </ClCompile>
    <ClCompile Include="applications\DX11\DX11App8.cpp">
      <Filter>Source Files</Filter>
    </ClCompile>
    <ClCompile Include="applications\DX11\DX11App9.cpp">
      <Filter>Source Files</Filter>
    </ClCompile>
    <ClCompile Include="rendering\MaterialDX11.cpp">
      <Filter>Source Files</Filter>
    </ClCompile>
    <ClCompile Include="terrain\TerrainDX11.cpp">
      <Filter>Source Files</Filter>
    </ClCompile>
    <ClCompile Include="applications\DX11\DX11App10.cpp">
      <Filter>Source Files</Filter>
    </ClCompile>
    <ClCompile Include="engine\RenderingEngineDX11.cpp">
      <Filter>Source Files</Filter>
    </ClCompile>
    <ClCompile Include="applications\DX11\DX11App11.cpp">
      <Filter>Source Files</Filter>
    </ClCompile>
    <ClCompile Include="RAL\RenderingContextDX11.cpp">
      <Filter>Source Files</Filter>
    </ClCompile>
    <ClCompile Include="RAL\WindowWinAPI.cpp">
      <Filter>Source Files</Filter>
    </ClCompile>
    <ClCompile Include="RAL\WindowGLFW.cpp">
      <Filter>Source Files</Filter>
    </ClCompile>
    <ClCompile Include="applications\DX11\DX11App12.cpp">
      <Filter>Source Files</Filter>
    </ClCompile>
    <ClCompile Include="RL\RenderingPlane.cpp">
      <Filter>Source Files</Filter>
    </ClCompile>
    <ClCompile Include="math\Matrix4f.cpp">
      <Filter>Source Files</Filter>
    </ClCompile>
    <ClCompile Include="math\Transform.cpp">
      <Filter>Source Files</Filter>
    </ClCompile>
    <ClCompile Include="RAL\RenderingContextGL.cpp">
      <Filter>Source Files</Filter>
    </ClCompile>
    <ClCompile Include="RL\Model3D.cpp">
      <Filter>Source Files</Filter>
    </ClCompile>
    <ClCompile Include="RL\Model3DDX11.cpp">
      <Filter>Source Files</Filter>
    </ClCompile>
    <ClCompile Include="RL\Model3DGL.cpp">
      <Filter>Source Files</Filter>
    </ClCompile>
    <ClCompile Include="RL\Model2D.cpp">
      <Filter>Source Files</Filter>
    </ClCompile>
    <ClCompile Include="RL\Model2DDX11.cpp">
      <Filter>Source Files</Filter>
    </ClCompile>
  </ItemGroup>
  <ItemGroup>
    <ClInclude Include="math.hpp">
      <Filter>Header Files</Filter>
    </ClInclude>
    <ClInclude Include="OBJ_Loader.hpp">
      <Filter>Header Files</Filter>
    </ClInclude>
    <ClInclude Include="OpenGLutil.hpp">
      <Filter>Header Files</Filter>
    </ClInclude>
    <ClInclude Include="applications\App1.hpp">
      <Filter>Header Files</Filter>
    </ClInclude>
    <ClInclude Include="applications\App2.hpp">
      <Filter>Header Files</Filter>
    </ClInclude>
    <ClInclude Include="applications\App3.hpp">
      <Filter>Header Files</Filter>
    </ClInclude>
    <ClInclude Include="applications\App4.hpp">
      <Filter>Header Files</Filter>
    </ClInclude>
    <ClInclude Include="applications\App5.hpp">
      <Filter>Header Files</Filter>
    </ClInclude>
    <ClInclude Include="applications\App6.hpp">
      <Filter>Header Files</Filter>
    </ClInclude>
    <ClInclude Include="applications\App7.hpp">
      <Filter>Header Files</Filter>
    </ClInclude>
    <ClInclude Include="applications\App8.hpp">
      <Filter>Header Files</Filter>
    </ClInclude>
    <ClInclude Include="applications\App9.hpp">
      <Filter>Header Files</Filter>
    </ClInclude>
    <ClInclude Include="applications\Quad.hpp">
      <Filter>Header Files</Filter>
    </ClInclude>
    <ClInclude Include="baked_lighting\bake_light.hpp">
      <Filter>Header Files</Filter>
    </ClInclude>
    <ClInclude Include="doom\DOOM_plane.hpp">
      <Filter>Header Files</Filter>
    </ClInclude>
    <ClInclude Include="doom\DOOM_Player.hpp">
      <Filter>Header Files</Filter>
    </ClInclude>
    <ClInclude Include="doom\DOOM_World.hpp">
      <Filter>Header Files</Filter>
    </ClInclude>
    <ClInclude Include="doom\DOOM_World_Loader.hpp">
      <Filter>Header Files</Filter>
    </ClInclude>
    <ClInclude Include="doom\D_wall.hpp">
      <Filter>Header Files</Filter>
    </ClInclude>
    <ClInclude Include="engine\Console.hpp">
      <Filter>Header Files</Filter>
    </ClInclude>
    <ClInclude Include="engine\RenderingEngine.hpp">
      <Filter>Header Files</Filter>
    </ClInclude>
    <ClInclude Include="project_gamma\Gamma.hpp">
      <Filter>Header Files</Filter>
    </ClInclude>
    <ClInclude Include="project_gamma\pipes\Pipe.hpp">
      <Filter>Header Files</Filter>
    </ClInclude>
    <ClInclude Include="radiosity\Hemicube.hpp">
      <Filter>Header Files</Filter>
    </ClInclude>
    <ClInclude Include="radiosity\polygon_clip.hpp">
      <Filter>Header Files</Filter>
    </ClInclude>
    <ClInclude Include="radiosity\Polygon_Fill.hpp">
      <Filter>Header Files</Filter>
    </ClInclude>
    <ClInclude Include="radiosity\radiosity.hpp">
      <Filter>Header Files</Filter>
    </ClInclude>
    <ClInclude Include="rendering\stb_image.h">
      <Filter>Header Files</Filter>
    </ClInclude>
    <ClInclude Include="rendering\BakedModel3D.hpp">
      <Filter>Header Files</Filter>
    </ClInclude>
    <ClInclude Include="rendering\BasicShader.hpp">
      <Filter>Header Files</Filter>
    </ClInclude>
    <ClInclude Include="rendering\Camera.hpp">
      <Filter>Header Files</Filter>
    </ClInclude>
    <ClInclude Include="rendering\Cube.hpp">
      <Filter>Header Files</Filter>
    </ClInclude>
    <ClInclude Include="rendering\DebugRenderer.hpp">
      <Filter>Header Files</Filter>
    </ClInclude>
    <ClInclude Include="rendering\Material.hpp">
      <Filter>Header Files</Filter>
    </ClInclude>
    <ClInclude Include="rendering\Mesh.hpp">
      <Filter>Header Files</Filter>
    </ClInclude>
    <ClInclude Include="rendering\Rectangle.hpp">
      <Filter>Header Files</Filter>
    </ClInclude>
    <ClInclude Include="rendering\Shader.hpp">
      <Filter>Header Files</Filter>
    </ClInclude>
    <ClInclude Include="rendering\Text.hpp">
      <Filter>Header Files</Filter>
    </ClInclude>
    <ClInclude Include="rendering\Texture.hpp">
      <Filter>Header Files</Filter>
    </ClInclude>
    <ClInclude Include="resource_management\ResourceManager.hpp">
      <Filter>Header Files</Filter>
    </ClInclude>
    <ClInclude Include="resource_management\TextureLoader.hpp">
      <Filter>Header Files</Filter>
    </ClInclude>
    <ClInclude Include="utils\ShaderUtils.hpp">
      <Filter>Header Files</Filter>
    </ClInclude>
    <ClInclude Include="world\fBmModule.hpp">
      <Filter>Header Files</Filter>
    </ClInclude>
    <ClInclude Include="world\PerlinModule.hpp">
      <Filter>Header Files</Filter>
    </ClInclude>
    <ClInclude Include="world\Terrain.hpp">
      <Filter>Header Files</Filter>
    </ClInclude>
    <ClInclude Include="world\TiledWorld.hpp">
      <Filter>Header Files</Filter>
    </ClInclude>
    <ClInclude Include="world\VoxelTerrain.hpp">
      <Filter>Header Files</Filter>
    </ClInclude>
    <ClInclude Include="RenderAPI.hpp">
      <Filter>Header Files</Filter>
    </ClInclude>
    <ClInclude Include="applications\DX11\DX11App1.hpp">
      <Filter>Header Files</Filter>
    </ClInclude>
    <ClInclude Include="rendering\ShaderDX11.hpp">
      <Filter>Header Files</Filter>
    </ClInclude>
    <ClInclude Include="applications\DX11\DX11App.hpp">
      <Filter>Header Files</Filter>
    </ClInclude>
    <ClInclude Include="applications\DX11\DX11App2.hpp">
      <Filter>Header Files</Filter>
    </ClInclude>
    <ClInclude Include="rendering\TextureDX11.hpp">
      <Filter>Header Files</Filter>
    </ClInclude>
    <ClInclude Include="applications\DX11\DX11App3.hpp">
      <Filter>Header Files</Filter>
    </ClInclude>
    <ClInclude Include="main.hpp">
      <Filter>Header Files</Filter>
    </ClInclude>
    <ClInclude Include="applications\DX11\DX11App4.hpp">
      <Filter>Header Files</Filter>
    </ClInclude>
    <ClInclude Include="profiler\FPSCounter.hpp">
      <Filter>Header Files</Filter>
    </ClInclude>
    <ClInclude Include="applications\DX11\DX11App5.hpp">
      <Filter>Header Files</Filter>
    </ClInclude>
    <ClInclude Include="applications\DX11\DX11App6.hpp">
      <Filter>Header Files</Filter>
    </ClInclude>
    <ClInclude Include="profiler\CPUProfiler.hpp">
      <Filter>Header Files</Filter>
    </ClInclude>
    <ClInclude Include="DirectInput.hpp">
      <Filter>Header Files</Filter>
    </ClInclude>
    <ClInclude Include="applications\DX11\DX11App7.hpp">
      <Filter>Header Files</Filter>
    </ClInclude>
    <ClInclude Include="rendering\RenderTextureBuffer.hpp">
      <Filter>Header Files</Filter>
    </ClInclude>
    <ClInclude Include="applications\DX11\DX11App8.hpp">
      <Filter>Header Files</Filter>
    </ClInclude>
    <ClInclude Include="applications\DX11\DX11App9.hpp">
      <Filter>Header Files</Filter>
    </ClInclude>
    <ClInclude Include="engine\RenderingEngineDX11.hpp">
      <Filter>Header Files</Filter>
    </ClInclude>
    <ClInclude Include="rendering\MaterialDX11.hpp">
      <Filter>Header Files</Filter>
    </ClInclude>
    <ClInclude Include="terrain\TerrainDX11.hpp">
      <Filter>Header Files</Filter>
    </ClInclude>
    <ClInclude Include="applications\DX11\DX11App10.hpp">
      <Filter>Header Files</Filter>
    </ClInclude>
    <ClInclude Include="applications\DX11\DX11App11.hpp">
      <Filter>Header Files</Filter>
    </ClInclude>
    <ClInclude Include="RAL\RenderingContext.hpp">
      <Filter>Header Files</Filter>
    </ClInclude>
    <ClInclude Include="RAL\RenderingContextDX11.hpp">
      <Filter>Header Files</Filter>
    </ClInclude>
    <ClInclude Include="RAL\UsingDX11.hpp">
      <Filter>Header Files</Filter>
    </ClInclude>
    <ClInclude Include="RAL\WindowWinAPI.hpp">
      <Filter>Header Files</Filter>
    </ClInclude>
    <ClInclude Include="RAL\WindowGLFW.hpp">
      <Filter>Header Files</Filter>
    </ClInclude>
    <ClInclude Include="RAL\Window.hpp">
      <Filter>Header Files</Filter>
    </ClInclude>
    <ClInclude Include="applications\DX11\DX11App12.hpp">
      <Filter>Header Files</Filter>
    </ClInclude>
    <ClInclude Include="RL\RenderingPlane.hpp">
      <Filter>Header Files</Filter>
    </ClInclude>
    <ClInclude Include="math\Vector3.hpp">
      <Filter>Header Files</Filter>
    </ClInclude>
    <ClInclude Include="math\Vector2.hpp">
      <Filter>Header Files</Filter>
    </ClInclude>
    <ClInclude Include="math\Quaternion.hpp">
      <Filter>Header Files</Filter>
    </ClInclude>
    <ClInclude Include="math\Matrix4f.hpp">
      <Filter>Header Files</Filter>
    </ClInclude>
    <ClInclude Include="math\Vector4.hpp">
      <Filter>Header Files</Filter>
    </ClInclude>
    <ClInclude Include="math\Transform.hpp">
      <Filter>Header Files</Filter>
    </ClInclude>
    <ClInclude Include="RAL\RenderingContextGL.hpp">
      <Filter>Header Files</Filter>
    </ClInclude>
    <ClInclude Include="RAL\UsingGL.hpp">
      <Filter>Header Files</Filter>
    </ClInclude>
    <ClInclude Include="RL\Model3D.hpp">
      <Filter>Header Files</Filter>
    </ClInclude>
    <ClInclude Include="RL\Model3DDX11.hpp">
      <Filter>Header Files</Filter>
    </ClInclude>
    <ClInclude Include="RL\Model3DGL.hpp">
      <Filter>Header Files</Filter>
    </ClInclude>
    <ClInclude Include="RL\Model2D.hpp">
      <Filter>Header Files</Filter>
    </ClInclude>
    <ClInclude Include="RL\Model2DDX11.hpp">
      <Filter>Header Files</Filter>
    </ClInclude>
  </ItemGroup>
  <ItemGroup>
    <None Include="applications\DX11\app2\shaderTexture.vs" />
    <None Include="applications\DX11\app2\shaderTexture.ps" />
    <None Include="applications\DX11\app3\shader3D.vs" />
    <None Include="applications\DX11\app3\shader3D.ps" />
    <None Include="applications\DX11\app3\shader2D.vs" />
    <None Include="applications\DX11\app3\shader2D.ps" />
    <None Include="applications\DX11\app4\shaderText.vs" />
    <None Include="applications\DX11\app4\shaderText.ps" />
    <None Include="applications\DX11\app5\multitexture.vs" />
    <None Include="applications\DX11\app5\multitexture.ps" />
    <None Include="applications\DX11\app6\normalShader.vs" />
    <None Include="applications\DX11\app6\normalShader.ps" />
    <None Include="applications\DX11\app7\renderToTextureShader.vs" />
    <None Include="applications\DX11\app7\renderToTextureShader.ps" />
    <None Include="applications\DX11\app8\clipShader.vs" />
    <None Include="applications\DX11\app8\clipShader.ps" />
    <None Include="applications\DX11\app8\waterShader.vs" />
    <None Include="applications\DX11\app8\waterShader.ps" />
    <None Include="applications\DX11\app8\shader2D.vs" />
    <None Include="applications\DX11\app8\shader2D.ps" />
    <None Include="applications\DX11\app8\reflectiveSurfaceShader.vs" />
    <None Include="applications\DX11\app8\reflectiveSurfaceShader.ps" />
    <None Include="applications\DX11\app9\shaderTexture.vs" />
    <None Include="applications\DX11\app9\shaderTexture.ps" />
    <None Include="applications\DX11\app10\shaderTerrain.vs" />
    <None Include="applications\DX11\app10\shaderTerrain.ps" />
    <None Include="applications\DX11\default_shaders\shader3Dlight.ps" />
    <None Include="applications\DX11\default_shaders\shader3Dlight.vs" />
    <None Include="applications\DX11\default_shaders\shader3Dtexture.vs" />
    <None Include="applications\DX11\default_shaders\shader3Dtexture.ps" />
    <None Include="applications\DX11\app11\terrainShader.vs" />
    <None Include="applications\DX11\app11\terrainShader.ps" />
  </ItemGroup>
  <ItemGroup>
    <Text Include="applications\DX11\app3\cube.txt" />
  </ItemGroup>
</Project>